
Microsoft Visual Studio Solution File, Format Version 12.00
Project("{FAE04EC0-301F-11D3-BF4B-00C04F79EFBC}") = "API", "API\API.csproj", "{1EFA95DE-2515-4189-90A6-45DD0232EBE5}"
EndProject
Project("{FAE04EC0-301F-11D3-BF4B-00C04F79EFBC}") = "Application", "Application\Application.csproj", "{A1B7E68D-D7EB-46A4-9E97-C9818E2DE7DF}"
EndProject
Project("{FAE04EC0-301F-11D3-BF4B-00C04F79EFBC}") = "Persistence", "Persistence\Persistence.csproj", "{0176D91E-CC6E-4A1B-851F-5525E4B9D67A}"
EndProject
Project("{FAE04EC0-301F-11D3-BF4B-00C04F79EFBC}") = "Domain", "Domain\Domain.csproj", "{B64DEE1E-2D4E-4719-BB31-B898AE45EBBE}"
EndProject
Global
	GlobalSection(SolutionConfigurationPlatforms) = preSolution
		Debug|Any CPU = Debug|Any CPU
		Release|Any CPU = Release|Any CPU
	EndGlobalSection
	GlobalSection(ProjectConfigurationPlatforms) = postSolution
		{1EFA95DE-2515-4189-90A6-45DD0232EBE5}.Debug|Any CPU.ActiveCfg = Debug|Any CPU
		{1EFA95DE-2515-4189-90A6-45DD0232EBE5}.Debug|Any CPU.Build.0 = Debug|Any CPU
		{1EFA95DE-2515-4189-90A6-45DD0232EBE5}.Release|Any CPU.ActiveCfg = Release|Any CPU
		{1EFA95DE-2515-4189-90A6-45DD0232EBE5}.Release|Any CPU.Build.0 = Release|Any CPU
		{A1B7E68D-D7EB-46A4-9E97-C9818E2DE7DF}.Debug|Any CPU.ActiveCfg = Debug|Any CPU
		{A1B7E68D-D7EB-46A4-9E97-C9818E2DE7DF}.Debug|Any CPU.Build.0 = Debug|Any CPU
		{A1B7E68D-D7EB-46A4-9E97-C9818E2DE7DF}.Release|Any CPU.ActiveCfg = Release|Any CPU
		{A1B7E68D-D7EB-46A4-9E97-C9818E2DE7DF}.Release|Any CPU.Build.0 = Release|Any CPU
		{0176D91E-CC6E-4A1B-851F-5525E4B9D67A}.Debug|Any CPU.ActiveCfg = Debug|Any CPU
		{0176D91E-CC6E-4A1B-851F-5525E4B9D67A}.Debug|Any CPU.Build.0 = Debug|Any CPU
		{0176D91E-CC6E-4A1B-851F-5525E4B9D67A}.Release|Any CPU.ActiveCfg = Release|Any CPU
		{0176D91E-CC6E-4A1B-851F-5525E4B9D67A}.Release|Any CPU.Build.0 = Release|Any CPU
		{B64DEE1E-2D4E-4719-BB31-B898AE45EBBE}.Debug|Any CPU.ActiveCfg = Debug|Any CPU
		{B64DEE1E-2D4E-4719-BB31-B898AE45EBBE}.Debug|Any CPU.Build.0 = Debug|Any CPU
		{B64DEE1E-2D4E-4719-BB31-B898AE45EBBE}.Release|Any CPU.ActiveCfg = Release|Any CPU
		{B64DEE1E-2D4E-4719-BB31-B898AE45EBBE}.Release|Any CPU.Build.0 = Release|Any CPU
	EndGlobalSection
EndGlobal
